
Microsoft Visual Studio Solution File, Format Version 12.00
# Visual Studio Version 16
VisualStudioVersion = 16.0.33927.289
MinimumVisualStudioVersion = 10.0.40219.1
Project("{FAE04EC0-301F-11D3-BF4B-00C04F79EFBC}") = "El_JuegoSAS", "El_JuegoSAS\El_JuegoSAS.csproj", "{E39C722D-6C54-41C5-81CB-222937DCE789}"
EndProject
Global
	GlobalSection(SolutionConfigurationPlatforms) = preSolution
		Debug|Any CPU = Debug|Any CPU
		Release|Any CPU = Release|Any CPU
	EndGlobalSection
	GlobalSection(ProjectConfigurationPlatforms) = postSolution
		{E39C722D-6C54-41C5-81CB-222937DCE789}.Debug|Any CPU.ActiveCfg = Debug|Any CPU
		{E39C722D-6C54-41C5-81CB-222937DCE789}.Debug|Any CPU.Build.0 = Debug|Any CPU
		{E39C722D-6C54-41C5-81CB-222937DCE789}.Release|Any CPU.ActiveCfg = Release|Any CPU
		{E39C722D-6C54-41C5-81CB-222937DCE789}.Release|Any CPU.Build.0 = Release|Any CPU
	EndGlobalSection
	GlobalSection(SolutionProperties) = preSolution
		HideSolutionNode = FALSE
	EndGlobalSection
	GlobalSection(ExtensibilityGlobals) = postSolution
		SolutionGuid = {5945067C-0284-4555-AC36-1F73AD40BA7A}
	EndGlobalSection
EndGlobal
